// !$*UTF8*$!
{
	archiveVersion = 1;
	classes = {
	};
	objectVersion = 50;
	objects = {

/* Begin PBXBuildFile section */
		3543976425630586005FD146 /* SearchBarView.swift in Sources */ = {isa = PBXBuildFile; fileRef = 3543976325630586005FD146 /* SearchBarView.swift */; };
		3543976725630C79005FD146 /* UIEditingExtensions.swift in Sources */ = {isa = PBXBuildFile; fileRef = 3543976625630C79005FD146 /* UIEditingExtensions.swift */; };
		3543976A25630F7F005FD146 /* ArtistView.swift in Sources */ = {isa = PBXBuildFile; fileRef = 3543976925630F7F005FD146 /* ArtistView.swift */; };
		3543976D25631717005FD146 /* InterestView.swift in Sources */ = {isa = PBXBuildFile; fileRef = 3543976C25631717005FD146 /* InterestView.swift */; };
		354D984F256432000054AC72 /* SearchSong.swift in Sources */ = {isa = PBXBuildFile; fileRef = 354D984E256431FF0054AC72 /* SearchSong.swift */; };
		358513E52522402700EE7181 /* AppDelegate.swift in Sources */ = {isa = PBXBuildFile; fileRef = 358513E42522402700EE7181 /* AppDelegate.swift */; };
		358513E72522402700EE7181 /* SceneDelegate.swift in Sources */ = {isa = PBXBuildFile; fileRef = 358513E62522402700EE7181 /* SceneDelegate.swift */; };
		358513E92522402700EE7181 /* ViewController.swift in Sources */ = {isa = PBXBuildFile; fileRef = 358513E82522402700EE7181 /* ViewController.swift */; };
		358513EC2522402700EE7181 /* Main.storyboard in Resources */ = {isa = PBXBuildFile; fileRef = 358513EA2522402700EE7181 /* Main.storyboard */; };
		358513EE2522402800EE7181 /* Assets.xcassets in Resources */ = {isa = PBXBuildFile; fileRef = 358513ED2522402800EE7181 /* Assets.xcassets */; };
		358513F12522402800EE7181 /* LaunchScreen.storyboard in Resources */ = {isa = PBXBuildFile; fileRef = 358513EF2522402800EE7181 /* LaunchScreen.storyboard */; };
		358513FA2522404A00EE7181 /* ArtistsView.swift in Sources */ = {isa = PBXBuildFile; fileRef = 358513F92522404A00EE7181 /* ArtistsView.swift */; };
		358513FD2522406600EE7181 /* Banco.swift in Sources */ = {isa = PBXBuildFile; fileRef = 358513FC2522406600EE7181 /* Banco.swift */; };
		35BE8EAE2562B918009D5BA7 /* StaggeredList.swift in Sources */ = {isa = PBXBuildFile; fileRef = 35BE8EAC2562B918009D5BA7 /* StaggeredList.swift */; };
		35BE8EAF2562B918009D5BA7 /* StaggeredLayout.swift in Sources */ = {isa = PBXBuildFile; fileRef = 35BE8EAD2562B918009D5BA7 /* StaggeredLayout.swift */; };
		35FFE30A256401B800F3E8F0 /* MusicView.swift in Sources */ = {isa = PBXBuildFile; fileRef = 35FFE309256401B800F3E8F0 /* MusicView.swift */; };
		35FFE30D256403D400F3E8F0 /* Song.swift in Sources */ = {isa = PBXBuildFile; fileRef = 35FFE30C256403D400F3E8F0 /* Song.swift */; };
/* End PBXBuildFile section */

/* Begin PBXFileReference section */
		3543976325630586005FD146 /* SearchBarView.swift */ = {isa = PBXFileReference; lastKnownFileType = sourcecode.swift; path = SearchBarView.swift; sourceTree = "<group>"; };
		3543976625630C79005FD146 /* UIEditingExtensions.swift */ = {isa = PBXFileReference; lastKnownFileType = sourcecode.swift; path = UIEditingExtensions.swift; sourceTree = "<group>"; };
		3543976925630F7F005FD146 /* ArtistView.swift */ = {isa = PBXFileReference; lastKnownFileType = sourcecode.swift; path = ArtistView.swift; sourceTree = "<group>"; };
		3543976C25631717005FD146 /* InterestView.swift */ = {isa = PBXFileReference; lastKnownFileType = sourcecode.swift; path = InterestView.swift; sourceTree = "<group>"; };
		354D984E256431FF0054AC72 /* SearchSong.swift */ = {isa = PBXFileReference; lastKnownFileType = sourcecode.swift; path = SearchSong.swift; sourceTree = "<group>"; };
		358513E12522402700EE7181 /* MeusTopArtistas.app */ = {isa = PBXFileReference; explicitFileType = wrapper.application; includeInIndex = 0; path = MeusTopArtistas.app; sourceTree = BUILT_PRODUCTS_DIR; };
		358513E42522402700EE7181 /* AppDelegate.swift */ = {isa = PBXFileReference; lastKnownFileType = sourcecode.swift; path = AppDelegate.swift; sourceTree = "<group>"; };
		358513E62522402700EE7181 /* SceneDelegate.swift */ = {isa = PBXFileReference; lastKnownFileType = sourcecode.swift; path = SceneDelegate.swift; sourceTree = "<group>"; };
		358513E82522402700EE7181 /* ViewController.swift */ = {isa = PBXFileReference; lastKnownFileType = sourcecode.swift; path = ViewController.swift; sourceTree = "<group>"; };
		358513EB2522402700EE7181 /* Base */ = {isa = PBXFileReference; lastKnownFileType = file.storyboard; name = Base; path = Base.lproj/Main.storyboard; sourceTree = "<group>"; };
		358513ED2522402800EE7181 /* Assets.xcassets */ = {isa = PBXFileReference; lastKnownFileType = folder.assetcatalog; path = Assets.xcassets; sourceTree = "<group>"; };
		358513F02522402800EE7181 /* Base */ = {isa = PBXFileReference; lastKnownFileType = file.storyboard; name = Base; path = Base.lproj/LaunchScreen.storyboard; sourceTree = "<group>"; };
		358513F22522402800EE7181 /* Info.plist */ = {isa = PBXFileReference; lastKnownFileType = text.plist.xml; path = Info.plist; sourceTree = "<group>"; };
		358513F92522404A00EE7181 /* ArtistsView.swift */ = {isa = PBXFileReference; lastKnownFileType = sourcecode.swift; path = ArtistsView.swift; sourceTree = "<group>"; };
		358513FC2522406600EE7181 /* Banco.swift */ = {isa = PBXFileReference; lastKnownFileType = sourcecode.swift; path = Banco.swift; sourceTree = "<group>"; };
		35BE8EAC2562B918009D5BA7 /* StaggeredList.swift */ = {isa = PBXFileReference; fileEncoding = 4; lastKnownFileType = sourcecode.swift; path = StaggeredList.swift; sourceTree = "<group>"; };
		35BE8EAD2562B918009D5BA7 /* StaggeredLayout.swift */ = {isa = PBXFileReference; fileEncoding = 4; lastKnownFileType = sourcecode.swift; path = StaggeredLayout.swift; sourceTree = "<group>"; };
		35FFE309256401B800F3E8F0 /* MusicView.swift */ = {isa = PBXFileReference; lastKnownFileType = sourcecode.swift; path = MusicView.swift; sourceTree = "<group>"; };
		35FFE30C256403D400F3E8F0 /* Song.swift */ = {isa = PBXFileReference; lastKnownFileType = sourcecode.swift; path = Song.swift; sourceTree = "<group>"; };
/* End PBXFileReference section */

/* Begin PBXFrameworksBuildPhase section */
		358513DE2522402700EE7181 /* Frameworks */ = {
			isa = PBXFrameworksBuildPhase;
			buildActionMask = 2147483647;
			files = (
			);
			runOnlyForDeploymentPostprocessing = 0;
		};
/* End PBXFrameworksBuildPhase section */

/* Begin PBXGroup section */
		354D9851256434830054AC72 /* Apple Music Classes */ = {
			isa = PBXGroup;
			children = (
				35FFE30C256403D400F3E8F0 /* Song.swift */,
				354D984E256431FF0054AC72 /* SearchSong.swift */,
			);
			path = "Apple Music Classes";
			sourceTree = "<group>";
		};
		354D9853256434A80054AC72 /* DiscoverView */ = {
			isa = PBXGroup;
			children = (
				358513F92522404A00EE7181 /* ArtistsView.swift */,
				3543976325630586005FD146 /* SearchBarView.swift */,
				3543976925630F7F005FD146 /* ArtistView.swift */,
				35FFE309256401B800F3E8F0 /* MusicView.swift */,
				3543976C25631717005FD146 /* InterestView.swift */,
			);
			path = DiscoverView;
			sourceTree = "<group>";
		};
		354D9857256435490054AC72 /* Extra */ = {
			isa = PBXGroup;
			children = (
				3543976625630C79005FD146 /* UIEditingExtensions.swift */,
			);
			path = Extra;
			sourceTree = "<group>";
		};
		358513D82522402600EE7181 = {
			isa = PBXGroup;
			children = (
				358513E32522402700EE7181 /* MeusTopArtistas */,
				358513E22522402700EE7181 /* Products */,
			);
			sourceTree = "<group>";
		};
		358513E22522402700EE7181 /* Products */ = {
			isa = PBXGroup;
			children = (
				358513E12522402700EE7181 /* MeusTopArtistas.app */,
			);
			name = Products;
			sourceTree = "<group>";
		};
		358513E32522402700EE7181 /* MeusTopArtistas */ = {
			isa = PBXGroup;
			children = (
				358513E42522402700EE7181 /* AppDelegate.swift */,
				358513E62522402700EE7181 /* SceneDelegate.swift */,
				358513E82522402700EE7181 /* ViewController.swift */,
				354D9853256434A80054AC72 /* DiscoverView */,
				354D9851256434830054AC72 /* Apple Music Classes */,
				354D9857256435490054AC72 /* Extra */,
				358513FC2522406600EE7181 /* Banco.swift */,
				35BE8EAD2562B918009D5BA7 /* StaggeredLayout.swift */,
				35BE8EAC2562B918009D5BA7 /* StaggeredList.swift */,
				358513EA2522402700EE7181 /* Main.storyboard */,
				358513ED2522402800EE7181 /* Assets.xcassets */,
				358513EF2522402800EE7181 /* LaunchScreen.storyboard */,
				358513F22522402800EE7181 /* Info.plist */,
			);
			path = MeusTopArtistas;
			sourceTree = "<group>";
		};
/* End PBXGroup section */

/* Begin PBXNativeTarget section */
		358513E02522402700EE7181 /* MeusTopArtistas */ = {
			isa = PBXNativeTarget;
			buildConfigurationList = 358513F52522402800EE7181 /* Build configuration list for PBXNativeTarget "MeusTopArtistas" */;
			buildPhases = (
				358513DD2522402700EE7181 /* Sources */,
				358513DE2522402700EE7181 /* Frameworks */,
				358513DF2522402700EE7181 /* Resources */,
			);
			buildRules = (
			);
			dependencies = (
			);
			name = MeusTopArtistas;
			productName = MeusTopArtistas;
			productReference = 358513E12522402700EE7181 /* MeusTopArtistas.app */;
			productType = "com.apple.product-type.application";
		};
/* End PBXNativeTarget section */

/* Begin PBXProject section */
		358513D92522402600EE7181 /* Project object */ = {
			isa = PBXProject;
			attributes = {
				LastSwiftUpdateCheck = 1200;
				LastUpgradeCheck = 1200;
				TargetAttributes = {
					358513E02522402700EE7181 = {
						CreatedOnToolsVersion = 12.0.1;
					};
				};
			};
			buildConfigurationList = 358513DC2522402600EE7181 /* Build configuration list for PBXProject "MeusTopArtistas" */;
			compatibilityVersion = "Xcode 9.3";
			developmentRegion = en;
			hasScannedForEncodings = 0;
			knownRegions = (
				en,
				Base,
			);
			mainGroup = 358513D82522402600EE7181;
			productRefGroup = 358513E22522402700EE7181 /* Products */;
			projectDirPath = "";
			projectRoot = "";
			targets = (
				358513E02522402700EE7181 /* MeusTopArtistas */,
			);
		};
/* End PBXProject section */

/* Begin PBXResourcesBuildPhase section */
		358513DF2522402700EE7181 /* Resources */ = {
			isa = PBXResourcesBuildPhase;
			buildActionMask = 2147483647;
			files = (
				358513F12522402800EE7181 /* LaunchScreen.storyboard in Resources */,
				358513EE2522402800EE7181 /* Assets.xcassets in Resources */,
				358513EC2522402700EE7181 /* Main.storyboard in Resources */,
			);
			runOnlyForDeploymentPostprocessing = 0;
		};
/* End PBXResourcesBuildPhase section */

/* Begin PBXSourcesBuildPhase section */
		358513DD2522402700EE7181 /* Sources */ = {
			isa = PBXSourcesBuildPhase;
			buildActionMask = 2147483647;
			files = (
				358513E92522402700EE7181 /* ViewController.swift in Sources */,
				358513E52522402700EE7181 /* AppDelegate.swift in Sources */,
				3543976D25631717005FD146 /* InterestView.swift in Sources */,
				3543976725630C79005FD146 /* UIEditingExtensions.swift in Sources */,
				354D984F256432000054AC72 /* SearchSong.swift in Sources */,
				358513FA2522404A00EE7181 /* ArtistsView.swift in Sources */,
				35BE8EAF2562B918009D5BA7 /* StaggeredLayout.swift in Sources */,
				3543976425630586005FD146 /* SearchBarView.swift in Sources */,
				358513E72522402700EE7181 /* SceneDelegate.swift in Sources */,
				3543976A25630F7F005FD146 /* ArtistView.swift in Sources */,
				35BE8EAE2562B918009D5BA7 /* StaggeredList.swift in Sources */,
				35FFE30A256401B800F3E8F0 /* MusicView.swift in Sources */,
				35FFE30D256403D400F3E8F0 /* Song.swift in Sources */,
				358513FD2522406600EE7181 /* Banco.swift in Sources */,
			);
			runOnlyForDeploymentPostprocessing = 0;
		};
/* End PBXSourcesBuildPhase section */

/* Begin PBXVariantGroup section */
		358513EA2522402700EE7181 /* Main.storyboard */ = {
			isa = PBXVariantGroup;
			children = (
				358513EB2522402700EE7181 /* Base */,
			);
			name = Main.storyboard;
			sourceTree = "<group>";
		};
		358513EF2522402800EE7181 /* LaunchScreen.storyboard */ = {
			isa = PBXVariantGroup;
			children = (
				358513F02522402800EE7181 /* Base */,
			);
			name = LaunchScreen.storyboard;
			sourceTree = "<group>";
		};
/* End PBXVariantGroup section */

/* Begin XCBuildConfiguration section */
		358513F32522402800EE7181 /* Debug */ = {
			isa = XCBuildConfiguration;
			buildSettings = {
				ALWAYS_SEARCH_USER_PATHS = NO;
				CLANG_ANALYZER_NONNULL = YES;
				CLANG_ANALYZER_NUMBER_OBJECT_CONVERSION = YES_AGGRESSIVE;
				CLANG_CXX_LANGUAGE_STANDARD = "gnu++14";
				CLANG_CXX_LIBRARY = "libc++";
				CLANG_ENABLE_MODULES = YES;
				CLANG_ENABLE_OBJC_ARC = YES;
				CLANG_ENABLE_OBJC_WEAK = YES;
				CLANG_WARN_BLOCK_CAPTURE_AUTORELEASING = YES;
				CLANG_WARN_BOOL_CONVERSION = YES;
				CLANG_WARN_COMMA = YES;
				CLANG_WARN_CONSTANT_CONVERSION = YES;
				CLANG_WARN_DEPRECATED_OBJC_IMPLEMENTATIONS = YES;
				CLANG_WARN_DIRECT_OBJC_ISA_USAGE = YES_ERROR;
				CLANG_WARN_DOCUMENTATION_COMMENTS = YES;
				CLANG_WARN_EMPTY_BODY = YES;
				CLANG_WARN_ENUM_CONVERSION = YES;
				CLANG_WARN_INFINITE_RECURSION = YES;
				CLANG_WARN_INT_CONVERSION = YES;
				CLANG_WARN_NON_LITERAL_NULL_CONVERSION = YES;
				CLANG_WARN_OBJC_IMPLICIT_RETAIN_SELF = YES;
				CLANG_WARN_OBJC_LITERAL_CONVERSION = YES;
				CLANG_WARN_OBJC_ROOT_CLASS = YES_ERROR;
				CLANG_WARN_QUOTED_INCLUDE_IN_FRAMEWORK_HEADER = YES;
				CLANG_WARN_RANGE_LOOP_ANALYSIS = YES;
				CLANG_WARN_STRICT_PROTOTYPES = YES;
				CLANG_WARN_SUSPICIOUS_MOVE = YES;
				CLANG_WARN_UNGUARDED_AVAILABILITY = YES_AGGRESSIVE;
				CLANG_WARN_UNREACHABLE_CODE = YES;
				CLANG_WARN__DUPLICATE_METHOD_MATCH = YES;
				COPY_PHASE_STRIP = NO;
				DEBUG_INFORMATION_FORMAT = dwarf;
				ENABLE_STRICT_OBJC_MSGSEND = YES;
				ENABLE_TESTABILITY = YES;
				GCC_C_LANGUAGE_STANDARD = gnu11;
				GCC_DYNAMIC_NO_PIC = NO;
				GCC_NO_COMMON_BLOCKS = YES;
				GCC_OPTIMIZATION_LEVEL = 0;
				GCC_PREPROCESSOR_DEFINITIONS = (
					"DEBUG=1",
					"$(inherited)",
				);
				GCC_WARN_64_TO_32_BIT_CONVERSION = YES;
				GCC_WARN_ABOUT_RETURN_TYPE = YES_ERROR;
				GCC_WARN_UNDECLARED_SELECTOR = YES;
				GCC_WARN_UNINITIALIZED_AUTOS = YES_AGGRESSIVE;
				GCC_WARN_UNUSED_FUNCTION = YES;
				GCC_WARN_UNUSED_VARIABLE = YES;
				IPHONEOS_DEPLOYMENT_TARGET = 14.0;
				MTL_ENABLE_DEBUG_INFO = INCLUDE_SOURCE;
				MTL_FAST_MATH = YES;
				ONLY_ACTIVE_ARCH = YES;
				SDKROOT = iphoneos;
				SWIFT_ACTIVE_COMPILATION_CONDITIONS = DEBUG;
				SWIFT_OPTIMIZATION_LEVEL = "-Onone";
			};
			name = Debug;
		};
		358513F42522402800EE7181 /* Release */ = {
			isa = XCBuildConfiguration;
			buildSettings = {
				ALWAYS_SEARCH_USER_PATHS = NO;
				CLANG_ANALYZER_NONNULL = YES;
				CLANG_ANALYZER_NUMBER_OBJECT_CONVERSION = YES_AGGRESSIVE;
				CLANG_CXX_LANGUAGE_STANDARD = "gnu++14";
				CLANG_CXX_LIBRARY = "libc++";
				CLANG_ENABLE_MODULES = YES;
				CLANG_ENABLE_OBJC_ARC = YES;
				CLANG_ENABLE_OBJC_WEAK = YES;
				CLANG_WARN_BLOCK_CAPTURE_AUTORELEASING = YES;
				CLANG_WARN_BOOL_CONVERSION = YES;
				CLANG_WARN_COMMA = YES;
				CLANG_WARN_CONSTANT_CONVERSION = YES;
				CLANG_WARN_DEPRECATED_OBJC_IMPLEMENTATIONS = YES;
				CLANG_WARN_DIRECT_OBJC_ISA_USAGE = YES_ERROR;
				CLANG_WARN_DOCUMENTATION_COMMENTS = YES;
				CLANG_WARN_EMPTY_BODY = YES;
				CLANG_WARN_ENUM_CONVERSION = YES;
				CLANG_WARN_INFINITE_RECURSION = YES;
				CLANG_WARN_INT_CONVERSION = YES;
				CLANG_WARN_NON_LITERAL_NULL_CONVERSION = YES;
				CLANG_WARN_OBJC_IMPLICIT_RETAIN_SELF = YES;
				CLANG_WARN_OBJC_LITERAL_CONVERSION = YES;
				CLANG_WARN_OBJC_ROOT_CLASS = YES_ERROR;
				CLANG_WARN_QUOTED_INCLUDE_IN_FRAMEWORK_HEADER = YES;
				CLANG_WARN_RANGE_LOOP_ANALYSIS = YES;
				CLANG_WARN_STRICT_PROTOTYPES = YES;
				CLANG_WARN_SUSPICIOUS_MOVE = YES;
				CLANG_WARN_UNGUARDED_AVAILABILITY = YES_AGGRESSIVE;
				CLANG_WARN_UNREACHABLE_CODE = YES;
				CLANG_WARN__DUPLICATE_METHOD_MATCH = YES;
				COPY_PHASE_STRIP = NO;
				DEBUG_INFORMATION_FORMAT = "dwarf-with-dsym";
				ENABLE_NS_ASSERTIONS = NO;
				ENABLE_STRICT_OBJC_MSGSEND = YES;
				GCC_C_LANGUAGE_STANDARD = gnu11;
				GCC_NO_COMMON_BLOCKS = YES;
				GCC_WARN_64_TO_32_BIT_CONVERSION = YES;
				GCC_WARN_ABOUT_RETURN_TYPE = YES_ERROR;
				GCC_WARN_UNDECLARED_SELECTOR = YES;
				GCC_WARN_UNINITIALIZED_AUTOS = YES_AGGRESSIVE;
				GCC_WARN_UNUSED_FUNCTION = YES;
				GCC_WARN_UNUSED_VARIABLE = YES;
				IPHONEOS_DEPLOYMENT_TARGET = 14.0;
				MTL_ENABLE_DEBUG_INFO = NO;
				MTL_FAST_MATH = YES;
				SDKROOT = iphoneos;
				SWIFT_COMPILATION_MODE = wholemodule;
				SWIFT_OPTIMIZATION_LEVEL = "-O";
				VALIDATE_PRODUCT = YES;
			};
			name = Release;
		};
		358513F62522402800EE7181 /* Debug */ = {
			isa = XCBuildConfiguration;
			buildSettings = {
				ASSETCATALOG_COMPILER_APPICON_NAME = AppIcon;
				ASSETCATALOG_COMPILER_GLOBAL_ACCENT_COLOR_NAME = AccentColor;
				CODE_SIGN_STYLE = Automatic;
				DEVELOPMENT_TEAM = P63952MS7L;
				INFOPLIST_FILE = MeusTopArtistas/Info.plist;
				LD_RUNPATH_SEARCH_PATHS = (
					"$(inherited)",
					"@executable_path/Frameworks",
				);
				PRODUCT_BUNDLE_IDENTIFIER = samuel.MeusTopArtistas;
				PRODUCT_NAME = "$(TARGET_NAME)";
				SWIFT_VERSION = 5.0;
				TARGETED_DEVICE_FAMILY = "1,2";
			};
			name = Debug;
		};
		358513F72522402800EE7181 /* Release */ = {
			isa = XCBuildConfiguration;
			buildSettings = {
				ASSETCATALOG_COMPILER_APPICON_NAME = AppIcon;
				ASSETCATALOG_COMPILER_GLOBAL_ACCENT_COLOR_NAME = AccentColor;
				CODE_SIGN_STYLE = Automatic;
				DEVELOPMENT_TEAM = P63952MS7L;
				INFOPLIST_FILE = MeusTopArtistas/Info.plist;
				LD_RUNPATH_SEARCH_PATHS = (
					"$(inherited)",
					"@executable_path/Frameworks",
				);
				PRODUCT_BUNDLE_IDENTIFIER = samuel.MeusTopArtistas;
				PRODUCT_NAME = "$(TARGET_NAME)";
				SWIFT_VERSION = 5.0;
				TARGETED_DEVICE_FAMILY = "1,2";
			};
			name = Release;
		};
/* End XCBuildConfiguration section */

/* Begin XCConfigurationList section */
		358513DC2522402600EE7181 /* Build configuration list for PBXProject "MeusTopArtistas" */ = {
			isa = XCConfigurationList;
			buildConfigurations = (
				358513F32522402800EE7181 /* Debug */,
				358513F42522402800EE7181 /* Release */,
			);
			defaultConfigurationIsVisible = 0;
			defaultConfigurationName = Release;
		};
		358513F52522402800EE7181 /* Build configuration list for PBXNativeTarget "MeusTopArtistas" */ = {
			isa = XCConfigurationList;
			buildConfigurations = (
				358513F62522402800EE7181 /* Debug */,
				358513F72522402800EE7181 /* Release */,
			);
			defaultConfigurationIsVisible = 0;
			defaultConfigurationName = Release;
		};
/* End XCConfigurationList section */
	};
	rootObject = 358513D92522402600EE7181 /* Project object */;
}
